
Microsoft Visual Studio Solution File, Format Version 12.00
# Visual Studio Version 16
VisualStudioVersion = 16.0.29709.97
MinimumVisualStudioVersion = 10.0.40219.1
Project("{FAE04EC0-301F-11D3-BF4B-00C04F79EFBC}") = "MuteXX", "MuteXX.csproj", "{0C102BA1-3EEE-42F4-AE53-B49420F492D7}"
EndProject
Project("{FAE04EC0-301F-11D3-BF4B-00C04F79EFBC}") = "MuteXX2", "..\MuteXX2\MuteXX2.csproj", "{34909125-9612-4F00-A60D-B65DD6069944}"
EndProject
Global
	GlobalSection(SolutionConfigurationPlatforms) = preSolution
		Debug|Any CPU = Debug|Any CPU
		Release|Any CPU = Release|Any CPU
	EndGlobalSection
	GlobalSection(ProjectConfigurationPlatforms) = postSolution
		{0C102BA1-3EEE-42F4-AE53-B49420F492D7}.Debug|Any CPU.ActiveCfg = Debug|Any CPU
		{0C102BA1-3EEE-42F4-AE53-B49420F492D7}.Debug|Any CPU.Build.0 = Debug|Any CPU
		{0C102BA1-3EEE-42F4-AE53-B49420F492D7}.Release|Any CPU.ActiveCfg = Release|Any CPU
		{0C102BA1-3EEE-42F4-AE53-B49420F492D7}.Release|Any CPU.Build.0 = Release|Any CPU
		{34909125-9612-4F00-A60D-B65DD6069944}.Debug|Any CPU.ActiveCfg = Debug|Any CPU
		{34909125-9612-4F00-A60D-B65DD6069944}.Debug|Any CPU.Build.0 = Debug|Any CPU
		{34909125-9612-4F00-A60D-B65DD6069944}.Release|Any CPU.ActiveCfg = Release|Any CPU
		{34909125-9612-4F00-A60D-B65DD6069944}.Release|Any CPU.Build.0 = Release|Any CPU
	EndGlobalSection
	GlobalSection(SolutionProperties) = preSolution
		HideSolutionNode = FALSE
	EndGlobalSection
	GlobalSection(ExtensibilityGlobals) = postSolution
		SolutionGuid = {1CA93B70-BBDC-49DE-AEA2-C050B1C8A5E0}
	EndGlobalSection
EndGlobal
