
Microsoft Visual Studio Solution File, Format Version 12.00
# Visual Studio Version 16
VisualStudioVersion = 16.0.29709.97
MinimumVisualStudioVersion = 10.0.40219.1
Project("{FAE04EC0-301F-11D3-BF4B-00C04F79EFBC}") = "produs", "produs.csproj", "{79D1E1B0-ED45-4DB5-A89E-64F426D315C3}"
EndProject
Global
	GlobalSection(SolutionConfigurationPlatforms) = preSolution
		Debug|Any CPU = Debug|Any CPU
		Release|Any CPU = Release|Any CPU
	EndGlobalSection
	GlobalSection(ProjectConfigurationPlatforms) = postSolution
		{79D1E1B0-ED45-4DB5-A89E-64F426D315C3}.Debug|Any CPU.ActiveCfg = Debug|Any CPU
		{79D1E1B0-ED45-4DB5-A89E-64F426D315C3}.Debug|Any CPU.Build.0 = Debug|Any CPU
		{79D1E1B0-ED45-4DB5-A89E-64F426D315C3}.Release|Any CPU.ActiveCfg = Release|Any CPU
		{79D1E1B0-ED45-4DB5-A89E-64F426D315C3}.Release|Any CPU.Build.0 = Release|Any CPU
	EndGlobalSection
	GlobalSection(SolutionProperties) = preSolution
		HideSolutionNode = FALSE
	EndGlobalSection
	GlobalSection(ExtensibilityGlobals) = postSolution
		SolutionGuid = {6980B9EC-52F0-413E-876F-B36BD45F7C9D}
	EndGlobalSection
EndGlobal
